// !$*UTF8*$!
{
	archiveVersion = 1;
	classes = {
	};
	objectVersion = 50;
	objects = {

/* Begin PBXBuildFile section */
		17F7523E26EA99AD003F5E14 /* AppDelegate.swift in Sources */ = {isa = PBXBuildFile; fileRef = 17F7523D26EA99AD003F5E14 /* AppDelegate.swift */; };
		17F7524026EA99AD003F5E14 /* SceneDelegate.swift in Sources */ = {isa = PBXBuildFile; fileRef = 17F7523F26EA99AD003F5E14 /* SceneDelegate.swift */; };
		17F7524226EA99AD003F5E14 /* ViewController.swift in Sources */ = {isa = PBXBuildFile; fileRef = 17F7524126EA99AD003F5E14 /* ViewController.swift */; };
		17F7524526EA99AD003F5E14 /* Main.storyboard in Resources */ = {isa = PBXBuildFile; fileRef = 17F7524326EA99AD003F5E14 /* Main.storyboard */; };
		17F7524726EA99B1003F5E14 /* Assets.xcassets in Resources */ = {isa = PBXBuildFile; fileRef = 17F7524626EA99B1003F5E14 /* Assets.xcassets */; };
		17F7524A26EA99B1003F5E14 /* LaunchScreen.storyboard in Resources */ = {isa = PBXBuildFile; fileRef = 17F7524826EA99B1003F5E14 /* LaunchScreen.storyboard */; };
		17F7525526EA99B2003F5E14 /* PreworkTests.swift in Sources */ = {isa = PBXBuildFile; fileRef = 17F7525426EA99B2003F5E14 /* PreworkTests.swift */; };
		17F7526026EA99B2003F5E14 /* PreworkUITests.swift in Sources */ = {isa = PBXBuildFile; fileRef = 17F7525F26EA99B2003F5E14 /* PreworkUITests.swift */; };
/* End PBXBuildFile section */

/* Begin PBXContainerItemProxy section */
		17F7525126EA99B2003F5E14 /* PBXContainerItemProxy */ = {
			isa = PBXContainerItemProxy;
			containerPortal = 17F7523226EA99AC003F5E14 /* Project object */;
			proxyType = 1;
			remoteGlobalIDString = 17F7523926EA99AD003F5E14;
			remoteInfo = Prework;
		};
		17F7525C26EA99B2003F5E14 /* PBXContainerItemProxy */ = {
			isa = PBXContainerItemProxy;
			containerPortal = 17F7523226EA99AC003F5E14 /* Project object */;
			proxyType = 1;
			remoteGlobalIDString = 17F7523926EA99AD003F5E14;
			remoteInfo = Prework;
		};
/* End PBXContainerItemProxy section */

/* Begin PBXFileReference section */
		17F7523A26EA99AD003F5E14 /* Prework.app */ = {isa = PBXFileReference; explicitFileType = wrapper.application; includeInIndex = 0; path = Prework.app; sourceTree = BUILT_PRODUCTS_DIR; };
		17F7523D26EA99AD003F5E14 /* AppDelegate.swift */ = {isa = PBXFileReference; lastKnownFileType = sourcecode.swift; path = AppDelegate.swift; sourceTree = "<group>"; };
		17F7523F26EA99AD003F5E14 /* SceneDelegate.swift */ = {isa = PBXFileReference; lastKnownFileType = sourcecode.swift; path = SceneDelegate.swift; sourceTree = "<group>"; };
		17F7524126EA99AD003F5E14 /* ViewController.swift */ = {isa = PBXFileReference; lastKnownFileType = sourcecode.swift; path = ViewController.swift; sourceTree = "<group>"; };
		17F7524426EA99AD003F5E14 /* Base */ = {isa = PBXFileReference; lastKnownFileType = file.storyboard; name = Base; path = Base.lproj/Main.storyboard; sourceTree = "<group>"; };
		17F7524626EA99B1003F5E14 /* Assets.xcassets */ = {isa = PBXFileReference; lastKnownFileType = folder.assetcatalog; path = Assets.xcassets; sourceTree = "<group>"; };
		17F7524926EA99B1003F5E14 /* Base */ = {isa = PBXFileReference; lastKnownFileType = file.storyboard; name = Base; path = Base.lproj/LaunchScreen.storyboard; sourceTree = "<group>"; };
		17F7524B26EA99B1003F5E14 /* Info.plist */ = {isa = PBXFileReference; lastKnownFileType = text.plist.xml; path = Info.plist; sourceTree = "<group>"; };
		17F7525026EA99B2003F5E14 /* PreworkTests.xctest */ = {isa = PBXFileReference; explicitFileType = wrapper.cfbundle; includeInIndex = 0; path = PreworkTests.xctest; sourceTree = BUILT_PRODUCTS_DIR; };
		17F7525426EA99B2003F5E14 /* PreworkTests.swift */ = {isa = PBXFileReference; lastKnownFileType = sourcecode.swift; path = PreworkTests.swift; sourceTree = "<group>"; };
		17F7525626EA99B2003F5E14 /* Info.plist */ = {isa = PBXFileReference; lastKnownFileType = text.plist.xml; path = Info.plist; sourceTree = "<group>"; };
		17F7525B26EA99B2003F5E14 /* PreworkUITests.xctest */ = {isa = PBXFileReference; explicitFileType = wrapper.cfbundle; includeInIndex = 0; path = PreworkUITests.xctest; sourceTree = BUILT_PRODUCTS_DIR; };
		17F7525F26EA99B2003F5E14 /* PreworkUITests.swift */ = {isa = PBXFileReference; lastKnownFileType = sourcecode.swift; path = PreworkUITests.swift; sourceTree = "<group>"; };
		17F7526126EA99B2003F5E14 /* Info.plist */ = {isa = PBXFileReference; lastKnownFileType = text.plist.xml; path = Info.plist; sourceTree = "<group>"; };
/* End PBXFileReference section */

/* Begin PBXFrameworksBuildPhase section */
		17F7523726EA99AD003F5E14 /* Frameworks */ = {
			isa = PBXFrameworksBuildPhase;
			buildActionMask = 2147483647;
			files = (
			);
			runOnlyForDeploymentPostprocessing = 0;
		};
		17F7524D26EA99B2003F5E14 /* Frameworks */ = {
			isa = PBXFrameworksBuildPhase;
			buildActionMask = 2147483647;
			files = (
			);
			runOnlyForDeploymentPostprocessing = 0;
		};
		17F7525826EA99B2003F5E14 /* Frameworks */ = {
			isa = PBXFrameworksBuildPhase;
			buildActionMask = 2147483647;
			files = (
			);
			runOnlyForDeploymentPostprocessing = 0;
		};
/* End PBXFrameworksBuildPhase section */

/* Begin PBXGroup section */
		17F7523126EA99AC003F5E14 = {
			isa = PBXGroup;
			children = (
				17F7523C26EA99AD003F5E14 /* Prework */,
				17F7525326EA99B2003F5E14 /* PreworkTests */,
				17F7525E26EA99B2003F5E14 /* PreworkUITests */,
				17F7523B26EA99AD003F5E14 /* Products */,
			);
			sourceTree = "<group>";
		};
		17F7523B26EA99AD003F5E14 /* Products */ = {
			isa = PBXGroup;
			children = (
				17F7523A26EA99AD003F5E14 /* Prework.app */,
				17F7525026EA99B2003F5E14 /* PreworkTests.xctest */,
				17F7525B26EA99B2003F5E14 /* PreworkUITests.xctest */,
			);
			name = Products;
			sourceTree = "<group>";
		};
		17F7523C26EA99AD003F5E14 /* Prework */ = {
			isa = PBXGroup;
			children = (
				17F7523D26EA99AD003F5E14 /* AppDelegate.swift */,
				17F7523F26EA99AD003F5E14 /* SceneDelegate.swift */,
				17F7524126EA99AD003F5E14 /* ViewController.swift */,
				17F7524326EA99AD003F5E14 /* Main.storyboard */,
				17F7524626EA99B1003F5E14 /* Assets.xcassets */,
				17F7524826EA99B1003F5E14 /* LaunchScreen.storyboard */,
				17F7524B26EA99B1003F5E14 /* Info.plist */,
			);
			path = Prework;
			sourceTree = "<group>";
		};
		17F7525326EA99B2003F5E14 /* PreworkTests */ = {
			isa = PBXGroup;
			children = (
				17F7525426EA99B2003F5E14 /* PreworkTests.swift */,
				17F7525626EA99B2003F5E14 /* Info.plist */,
			);
			path = PreworkTests;
			sourceTree = "<group>";
		};
		17F7525E26EA99B2003F5E14 /* PreworkUITests */ = {
			isa = PBXGroup;
			children = (
				17F7525F26EA99B2003F5E14 /* PreworkUITests.swift */,
				17F7526126EA99B2003F5E14 /* Info.plist */,
			);
			path = PreworkUITests;
			sourceTree = "<group>";
		};
/* End PBXGroup section */

/* Begin PBXNativeTarget section */
		17F7523926EA99AD003F5E14 /* Prework */ = {
			isa = PBXNativeTarget;
			buildConfigurationList = 17F7526426EA99B2003F5E14 /* Build configuration list for PBXNativeTarget "Prework" */;
			buildPhases = (
				17F7523626EA99AD003F5E14 /* Sources */,
				17F7523726EA99AD003F5E14 /* Frameworks */,
				17F7523826EA99AD003F5E14 /* Resources */,
			);
			buildRules = (
			);
			dependencies = (
			);
			name = Prework;
			productName = Prework;
			productReference = 17F7523A26EA99AD003F5E14 /* Prework.app */;
			productType = "com.apple.product-type.application";
		};
		17F7524F26EA99B2003F5E14 /* PreworkTests */ = {
			isa = PBXNativeTarget;
			buildConfigurationList = 17F7526726EA99B2003F5E14 /* Build configuration list for PBXNativeTarget "PreworkTests" */;
			buildPhases = (
				17F7524C26EA99B2003F5E14 /* Sources */,
				17F7524D26EA99B2003F5E14 /* Frameworks */,
				17F7524E26EA99B2003F5E14 /* Resources */,
			);
			buildRules = (
			);
			dependencies = (
				17F7525226EA99B2003F5E14 /* PBXTargetDependency */,
			);
			name = PreworkTests;
			productName = PreworkTests;
			productReference = 17F7525026EA99B2003F5E14 /* PreworkTests.xctest */;
			productType = "com.apple.product-type.bundle.unit-test";
		};
		17F7525A26EA99B2003F5E14 /* PreworkUITests */ = {
			isa = PBXNativeTarget;
			buildConfigurationList = 17F7526A26EA99B2003F5E14 /* Build configuration list for PBXNativeTarget "PreworkUITests" */;
			buildPhases = (
				17F7525726EA99B2003F5E14 /* Sources */,
				17F7525826EA99B2003F5E14 /* Frameworks */,
				17F7525926EA99B2003F5E14 /* Resources */,
			);
			buildRules = (
			);
			dependencies = (
				17F7525D26EA99B2003F5E14 /* PBXTargetDependency */,
			);
			name = PreworkUITests;
			productName = PreworkUITests;
			productReference = 17F7525B26EA99B2003F5E14 /* PreworkUITests.xctest */;
			productType = "com.apple.product-type.bundle.ui-testing";
		};
/* End PBXNativeTarget section */

/* Begin PBXProject section */
		17F7523226EA99AC003F5E14 /* Project object */ = {
			isa = PBXProject;
			attributes = {
				LastSwiftUpdateCheck = 1250;
				LastUpgradeCheck = 1250;
				TargetAttributes = {
					17F7523926EA99AD003F5E14 = {
						CreatedOnToolsVersion = 12.5.1;
					};
					17F7524F26EA99B2003F5E14 = {
						CreatedOnToolsVersion = 12.5.1;
						TestTargetID = 17F7523926EA99AD003F5E14;
					};
					17F7525A26EA99B2003F5E14 = {
						CreatedOnToolsVersion = 12.5.1;
						TestTargetID = 17F7523926EA99AD003F5E14;
					};
				};
			};
			buildConfigurationList = 17F7523526EA99AC003F5E14 /* Build configuration list for PBXProject "Prework" */;
			compatibilityVersion = "Xcode 9.3";
			developmentRegion = en;
			hasScannedForEncodings = 0;
			knownRegions = (
				en,
				Base,
			);
			mainGroup = 17F7523126EA99AC003F5E14;
			productRefGroup = 17F7523B26EA99AD003F5E14 /* Products */;
			projectDirPath = "";
			projectRoot = "";
			targets = (
				17F7523926EA99AD003F5E14 /* Prework */,
				17F7524F26EA99B2003F5E14 /* PreworkTests */,
				17F7525A26EA99B2003F5E14 /* PreworkUITests */,
			);
		};
/* End PBXProject section */

/* Begin PBXResourcesBuildPhase section */
		17F7523826EA99AD003F5E14 /* Resources */ = {
			isa = PBXResourcesBuildPhase;
			buildActionMask = 2147483647;
			files = (
				17F7524A26EA99B1003F5E14 /* LaunchScreen.storyboard in Resources */,
				17F7524726EA99B1003F5E14 /* Assets.xcassets in Resources */,
				17F7524526EA99AD003F5E14 /* Main.storyboard in Resources */,
			);
			runOnlyForDeploymentPostprocessing = 0;
		};
		17F7524E26EA99B2003F5E14 /* Resources */ = {
			isa = PBXResourcesBuildPhase;
			buildActionMask = 2147483647;
			files = (
			);
			runOnlyForDeploymentPostprocessing = 0;
		};
		17F7525926EA99B2003F5E14 /* Resources */ = {
			isa = PBXResourcesBuildPhase;
			buildActionMask = 2147483647;
			files = (
			);
			runOnlyForDeploymentPostprocessing = 0;
		};
/* End PBXResourcesBuildPhase section */

/* Begin PBXSourcesBuildPhase section */
		17F7523626EA99AD003F5E14 /* Sources */ = {
			isa = PBXSourcesBuildPhase;
			buildActionMask = 2147483647;
			files = (
				17F7524226EA99AD003F5E14 /* ViewController.swift in Sources */,
				17F7523E26EA99AD003F5E14 /* AppDelegate.swift in Sources */,
				17F7524026EA99AD003F5E14 /* SceneDelegate.swift in Sources */,
			);
			runOnlyForDeploymentPostprocessing = 0;
		};
		17F7524C26EA99B2003F5E14 /* Sources */ = {
			isa = PBXSourcesBuildPhase;
			buildActionMask = 2147483647;
			files = (
				17F7525526EA99B2003F5E14 /* PreworkTests.swift in Sources */,
			);
			runOnlyForDeploymentPostprocessing = 0;
		};
		17F7525726EA99B2003F5E14 /* Sources */ = {
			isa = PBXSourcesBuildPhase;
			buildActionMask = 2147483647;
			files = (
				17F7526026EA99B2003F5E14 /* PreworkUITests.swift in Sources */,
			);
			runOnlyForDeploymentPostprocessing = 0;
		};
/* End PBXSourcesBuildPhase section */

/* Begin PBXTargetDependency section */
		17F7525226EA99B2003F5E14 /* PBXTargetDependency */ = {
			isa = PBXTargetDependency;
			target = 17F7523926EA99AD003F5E14 /* Prework */;
			targetProxy = 17F7525126EA99B2003F5E14 /* PBXContainerItemProxy */;
		};
		17F7525D26EA99B2003F5E14 /* PBXTargetDependency */ = {
			isa = PBXTargetDependency;
			target = 17F7523926EA99AD003F5E14 /* Prework */;
			targetProxy = 17F7525C26EA99B2003F5E14 /* PBXContainerItemProxy */;
		};
/* End PBXTargetDependency section */

/* Begin PBXVariantGroup section */
		17F7524326EA99AD003F5E14 /* Main.storyboard */ = {
			isa = PBXVariantGroup;
			children = (
				17F7524426EA99AD003F5E14 /* Base */,
			);
			name = Main.storyboard;
			sourceTree = "<group>";
		};
		17F7524826EA99B1003F5E14 /* LaunchScreen.storyboard */ = {
			isa = PBXVariantGroup;
			children = (
				17F7524926EA99B1003F5E14 /* Base */,
			);
			name = LaunchScreen.storyboard;
			sourceTree = "<group>";
		};
/* End PBXVariantGroup section */

/* Begin XCBuildConfiguration section */
		17F7526226EA99B2003F5E14 /* Debug */ = {
			isa = XCBuildConfiguration;
			buildSettings = {
				ALWAYS_SEARCH_USER_PATHS = NO;
				CLANG_ANALYZER_NONNULL = YES;
				CLANG_ANALYZER_NUMBER_OBJECT_CONVERSION = YES_AGGRESSIVE;
				CLANG_CXX_LANGUAGE_STANDARD = "gnu++14";
				CLANG_CXX_LIBRARY = "libc++";
				CLANG_ENABLE_MODULES = YES;
				CLANG_ENABLE_OBJC_ARC = YES;
				CLANG_ENABLE_OBJC_WEAK = YES;
				CLANG_WARN_BLOCK_CAPTURE_AUTORELEASING = YES;
				CLANG_WARN_BOOL_CONVERSION = YES;
				CLANG_WARN_COMMA = YES;
				CLANG_WARN_CONSTANT_CONVERSION = YES;
				CLANG_WARN_DEPRECATED_OBJC_IMPLEMENTATIONS = YES;
				CLANG_WARN_DIRECT_OBJC_ISA_USAGE = YES_ERROR;
				CLANG_WARN_DOCUMENTATION_COMMENTS = YES;
				CLANG_WARN_EMPTY_BODY = YES;
				CLANG_WARN_ENUM_CONVERSION = YES;
				CLANG_WARN_INFINITE_RECURSION = YES;
				CLANG_WARN_INT_CONVERSION = YES;
				CLANG_WARN_NON_LITERAL_NULL_CONVERSION = YES;
				CLANG_WARN_OBJC_IMPLICIT_RETAIN_SELF = YES;
				CLANG_WARN_OBJC_LITERAL_CONVERSION = YES;
				CLANG_WARN_OBJC_ROOT_CLASS = YES_ERROR;
				CLANG_WARN_QUOTED_INCLUDE_IN_FRAMEWORK_HEADER = YES;
				CLANG_WARN_RANGE_LOOP_ANALYSIS = YES;
				CLANG_WARN_STRICT_PROTOTYPES = YES;
				CLANG_WARN_SUSPICIOUS_MOVE = YES;
				CLANG_WARN_UNGUARDED_AVAILABILITY = YES_AGGRESSIVE;
				CLANG_WARN_UNREACHABLE_CODE = YES;
				CLANG_WARN__DUPLICATE_METHOD_MATCH = YES;
				COPY_PHASE_STRIP = NO;
				DEBUG_INFORMATION_FORMAT = dwarf;
				ENABLE_STRICT_OBJC_MSGSEND = YES;
				ENABLE_TESTABILITY = YES;
				GCC_C_LANGUAGE_STANDARD = gnu11;
				GCC_DYNAMIC_NO_PIC = NO;
				GCC_NO_COMMON_BLOCKS = YES;
				GCC_OPTIMIZATION_LEVEL = 0;
				GCC_PREPROCESSOR_DEFINITIONS = (
					"DEBUG=1",
					"$(inherited)",
				);
				GCC_WARN_64_TO_32_BIT_CONVERSION = YES;
				GCC_WARN_ABOUT_RETURN_TYPE = YES_ERROR;
				GCC_WARN_UNDECLARED_SELECTOR = YES;
				GCC_WARN_UNINITIALIZED_AUTOS = YES_AGGRESSIVE;
				GCC_WARN_UNUSED_FUNCTION = YES;
				GCC_WARN_UNUSED_VARIABLE = YES;
				IPHONEOS_DEPLOYMENT_TARGET = 14.5;
				MTL_ENABLE_DEBUG_INFO = INCLUDE_SOURCE;
				MTL_FAST_MATH = YES;
				ONLY_ACTIVE_ARCH = YES;
				SDKROOT = iphoneos;
				SWIFT_ACTIVE_COMPILATION_CONDITIONS = DEBUG;
				SWIFT_OPTIMIZATION_LEVEL = "-Onone";
			};
			name = Debug;
		};
		17F7526326EA99B2003F5E14 /* Release */ = {
			isa = XCBuildConfiguration;
			buildSettings = {
				ALWAYS_SEARCH_USER_PATHS = NO;
				CLANG_ANALYZER_NONNULL = YES;
				CLANG_ANALYZER_NUMBER_OBJECT_CONVERSION = YES_AGGRESSIVE;
				CLANG_CXX_LANGUAGE_STANDARD = "gnu++14";
				CLANG_CXX_LIBRARY = "libc++";
				CLANG_ENABLE_MODULES = YES;
				CLANG_ENABLE_OBJC_ARC = YES;
				CLANG_ENABLE_OBJC_WEAK = YES;
				CLANG_WARN_BLOCK_CAPTURE_AUTORELEASING = YES;
				CLANG_WARN_BOOL_CONVERSION = YES;
				CLANG_WARN_COMMA = YES;
				CLANG_WARN_CONSTANT_CONVERSION = YES;
				CLANG_WARN_DEPRECATED_OBJC_IMPLEMENTATIONS = YES;
				CLANG_WARN_DIRECT_OBJC_ISA_USAGE = YES_ERROR;
				CLANG_WARN_DOCUMENTATION_COMMENTS = YES;
				CLANG_WARN_EMPTY_BODY = YES;
				CLANG_WARN_ENUM_CONVERSION = YES;
				CLANG_WARN_INFINITE_RECURSION = YES;
				CLANG_WARN_INT_CONVERSION = YES;
				CLANG_WARN_NON_LITERAL_NULL_CONVERSION = YES;
				CLANG_WARN_OBJC_IMPLICIT_RETAIN_SELF = YES;
				CLANG_WARN_OBJC_LITERAL_CONVERSION = YES;
				CLANG_WARN_OBJC_ROOT_CLASS = YES_ERROR;
				CLANG_WARN_QUOTED_INCLUDE_IN_FRAMEWORK_HEADER = YES;
				CLANG_WARN_RANGE_LOOP_ANALYSIS = YES;
				CLANG_WARN_STRICT_PROTOTYPES = YES;
				CLANG_WARN_SUSPICIOUS_MOVE = YES;
				CLANG_WARN_UNGUARDED_AVAILABILITY = YES_AGGRESSIVE;
				CLANG_WARN_UNREACHABLE_CODE = YES;
				CLANG_WARN__DUPLICATE_METHOD_MATCH = YES;
				COPY_PHASE_STRIP = NO;
				DEBUG_INFORMATION_FORMAT = "dwarf-with-dsym";
				ENABLE_NS_ASSERTIONS = NO;
				ENABLE_STRICT_OBJC_MSGSEND = YES;
				GCC_C_LANGUAGE_STANDARD = gnu11;
				GCC_NO_COMMON_BLOCKS = YES;
				GCC_WARN_64_TO_32_BIT_CONVERSION = YES;
				GCC_WARN_ABOUT_RETURN_TYPE = YES_ERROR;
				GCC_WARN_UNDECLARED_SELECTOR = YES;
				GCC_WARN_UNINITIALIZED_AUTOS = YES_AGGRESSIVE;
				GCC_WARN_UNUSED_FUNCTION = YES;
				GCC_WARN_UNUSED_VARIABLE = YES;
				IPHONEOS_DEPLOYMENT_TARGET = 14.5;
				MTL_ENABLE_DEBUG_INFO = NO;
				MTL_FAST_MATH = YES;
				SDKROOT = iphoneos;
				SWIFT_COMPILATION_MODE = wholemodule;
				SWIFT_OPTIMIZATION_LEVEL = "-O";
				VALIDATE_PRODUCT = YES;
			};
			name = Release;
		};
		17F7526526EA99B2003F5E14 /* Debug */ = {
			isa = XCBuildConfiguration;
			buildSettings = {
				ASSETCATALOG_COMPILER_APPICON_NAME = AppIcon;
				ASSETCATALOG_COMPILER_GLOBAL_ACCENT_COLOR_NAME = AccentColor;
				CODE_SIGN_STYLE = Automatic;
				INFOPLIST_FILE = Prework/Info.plist;
				LD_RUNPATH_SEARCH_PATHS = (
					"$(inherited)",
					"@executable_path/Frameworks",
				);
				PRODUCT_BUNDLE_IDENTIFIER = memo.com.Prework;
				PRODUCT_NAME = "$(TARGET_NAME)";
				SWIFT_VERSION = 5.0;
				TARGETED_DEVICE_FAMILY = "1,2";
			};
			name = Debug;
		};
		17F7526626EA99B2003F5E14 /* Release */ = {
			isa = XCBuildConfiguration;
			buildSettings = {
				ASSETCATALOG_COMPILER_APPICON_NAME = AppIcon;
				ASSETCATALOG_COMPILER_GLOBAL_ACCENT_COLOR_NAME = AccentColor;
				CODE_SIGN_STYLE = Automatic;
				INFOPLIST_FILE = Prework/Info.plist;
				LD_RUNPATH_SEARCH_PATHS = (
					"$(inherited)",
					"@executable_path/Frameworks",
				);
				PRODUCT_BUNDLE_IDENTIFIER = memo.com.Prework;
				PRODUCT_NAME = "$(TARGET_NAME)";
				SWIFT_VERSION = 5.0;
				TARGETED_DEVICE_FAMILY = "1,2";
			};
			name = Release;
		};
		17F7526826EA99B2003F5E14 /* Debug */ = {
			isa = XCBuildConfiguration;
			buildSettings = {
				ALWAYS_EMBED_SWIFT_STANDARD_LIBRARIES = YES;
				BUNDLE_LOADER = "$(TEST_HOST)";
				CODE_SIGN_STYLE = Automatic;
				INFOPLIST_FILE = PreworkTests/Info.plist;
				IPHONEOS_DEPLOYMENT_TARGET = 14.5;
				LD_RUNPATH_SEARCH_PATHS = (
					"$(inherited)",
					"@executable_path/Frameworks",
					"@loader_path/Frameworks",
				);
				PRODUCT_BUNDLE_IDENTIFIER = memo.com.PreworkTests;
				PRODUCT_NAME = "$(TARGET_NAME)";
				SWIFT_VERSION = 5.0;
				TARGETED_DEVICE_FAMILY = "1,2";
				TEST_HOST = "$(BUILT_PRODUCTS_DIR)/Prework.app/Prework";
			};
			name = Debug;
		};
		17F7526926EA99B2003F5E14 /* Release */ = {
			isa = XCBuildConfiguration;
			buildSettings = {
				ALWAYS_EMBED_SWIFT_STANDARD_LIBRARIES = YES;
				BUNDLE_LOADER = "$(TEST_HOST)";
				CODE_SIGN_STYLE = Automatic;
				INFOPLIST_FILE = PreworkTests/Info.plist;
				IPHONEOS_DEPLOYMENT_TARGET = 14.5;
				LD_RUNPATH_SEARCH_PATHS = (
					"$(inherited)",
					"@executable_path/Frameworks",
					"@loader_path/Frameworks",
				);
				PRODUCT_BUNDLE_IDENTIFIER = memo.com.PreworkTests;
				PRODUCT_NAME = "$(TARGET_NAME)";
				SWIFT_VERSION = 5.0;
				TARGETED_DEVICE_FAMILY = "1,2";
				TEST_HOST = "$(BUILT_PRODUCTS_DIR)/Prework.app/Prework";
			};
			name = Release;
		};
		17F7526B26EA99B2003F5E14 /* Debug */ = {
			isa = XCBuildConfiguration;
			buildSettings = {
				ALWAYS_EMBED_SWIFT_STANDARD_LIBRARIES = YES;
				CODE_SIGN_STYLE = Automatic;
				INFOPLIST_FILE = PreworkUITests/Info.plist;
				LD_RUNPATH_SEARCH_PATHS = (
					"$(inherited)",
					"@executable_path/Frameworks",
					"@loader_path/Frameworks",
				);
				PRODUCT_BUNDLE_IDENTIFIER = memo.com.PreworkUITests;
				PRODUCT_NAME = "$(TARGET_NAME)";
				SWIFT_VERSION = 5.0;
				TARGETED_DEVICE_FAMILY = "1,2";
				TEST_TARGET_NAME = Prework;
			};
			name = Debug;
		};
		17F7526C26EA99B2003F5E14 /* Release */ = {
			isa = XCBuildConfiguration;
			buildSettings = {
				ALWAYS_EMBED_SWIFT_STANDARD_LIBRARIES = YES;
				CODE_SIGN_STYLE = Automatic;
				INFOPLIST_FILE = PreworkUITests/Info.plist;
				LD_RUNPATH_SEARCH_PATHS = (
					"$(inherited)",
					"@executable_path/Frameworks",
					"@loader_path/Frameworks",
				);
				PRODUCT_BUNDLE_IDENTIFIER = memo.com.PreworkUITests;
				PRODUCT_NAME = "$(TARGET_NAME)";
				SWIFT_VERSION = 5.0;
				TARGETED_DEVICE_FAMILY = "1,2";
				TEST_TARGET_NAME = Prework;
			};
			name = Release;
		};
/* End XCBuildConfiguration section */

/* Begin XCConfigurationList section */
		17F7523526EA99AC003F5E14 /* Build configuration list for PBXProject "Prework" */ = {
			isa = XCConfigurationList;
			buildConfigurations = (
				17F7526226EA99B2003F5E14 /* Debug */,
				17F7526326EA99B2003F5E14 /* Release */,
			);
			defaultConfigurationIsVisible = 0;
			defaultConfigurationName = Release;
		};
		17F7526426EA99B2003F5E14 /* Build configuration list for PBXNativeTarget "Prework" */ = {
			isa = XCConfigurationList;
			buildConfigurations = (
				17F7526526EA99B2003F5E14 /* Debug */,
				17F7526626EA99B2003F5E14 /* Release */,
			);
			defaultConfigurationIsVisible = 0;
			defaultConfigurationName = Release;
		};
		17F7526726EA99B2003F5E14 /* Build configuration list for PBXNativeTarget "PreworkTests" */ = {
			isa = XCConfigurationList;
			buildConfigurations = (
				17F7526826EA99B2003F5E14 /* Debug */,
				17F7526926EA99B2003F5E14 /* Release */,
			);
			defaultConfigurationIsVisible = 0;
			defaultConfigurationName = Release;
		};
		17F7526A26EA99B2003F5E14 /* Build configuration list for PBXNativeTarget "PreworkUITests" */ = {
			isa = XCConfigurationList;
			buildConfigurations = (
				17F7526B26EA99B2003F5E14 /* Debug */,
				17F7526C26EA99B2003F5E14 /* Release */,
			);
			defaultConfigurationIsVisible = 0;
			defaultConfigurationName = Release;
		};
/* End XCConfigurationList section */
	};
	rootObject = 17F7523226EA99AC003F5E14 /* Project object */;
}
